github.com/jordan-wright/email v4.0.1-0.20200917010138-e1c00e156980+incompatible h1:CL0ooBNfbNyJTJATno+m0h+zM5bW6v7fKlboKUGP/dI=
github.com/jordan-wright/email v4.0.1-0.20200917010138-e1c00e156980+incompatible/go.mod h1:1c7szIrayyPPB/987hsnvNzLushdWf4o/79s3P08L8A=
github.com/royeo/dingrobot v1.0.0 h1:K4GrF+fOecNX0yi+oBKpfh7z0XP/8TzaIIHu1B2kKUQ=
github.com/royeo/dingrobot v1.0.0/go.mod h1:RqDM8E/hySCVwI2aUFRJAUGDcHHRnIhzNmbNG3bamQs=
